
Microsoft Visual Studio Solution File, Format Version 12.00
# Visual Studio Version 17
VisualStudioVersion = 17.13.35825.156 d17.13
MinimumVisualStudioVersion = 10.0.40219.1
Project("{FAE04EC0-301F-11D3-BF4B-00C04F79EFBC}") = "Console Chat", "Console Chat\Console Chat.csproj", "{24818EDD-F14D-47A0-A71F-C40BBD93CA88}"
EndProject
Global
	GlobalSection(SolutionConfigurationPlatforms) = preSolution
		Debug|Any CPU = Debug|Any CPU
		Release|Any CPU = Release|Any CPU
	EndGlobalSection
	GlobalSection(ProjectConfigurationPlatforms) = postSolution
		{24818EDD-F14D-47A0-A71F-C40BBD93CA88}.Debug|Any CPU.ActiveCfg = Debug|Any CPU
		{24818EDD-F14D-47A0-A71F-C40BBD93CA88}.Debug|Any CPU.Build.0 = Debug|Any CPU
		{24818EDD-F14D-47A0-A71F-C40BBD93CA88}.Release|Any CPU.ActiveCfg = Release|Any CPU
		{24818EDD-F14D-47A0-A71F-C40BBD93CA88}.Release|Any CPU.Build.0 = Release|Any CPU
	EndGlobalSection
	GlobalSection(SolutionProperties) = preSolution
		HideSolutionNode = FALSE
	EndGlobalSection
	GlobalSection(ExtensibilityGlobals) = postSolution
		SolutionGuid = {35A2A206-35B1-4B65-825D-D4F18AE658D6}
	EndGlobalSection
EndGlobal
